// !$*UTF8*$!
{
	archiveVersion = 1;
	classes = {
	};
	objectVersion = 56;
	objects = {

/* Begin PBXBuildFile section */
		3B063CEE2C226649003A84BF /* ReadingComponent.swift in Sources */ = {isa = PBXBuildFile; fileRef = 3B063CED2C226649003A84BF /* ReadingComponent.swift */; };
		3B45CE542C22CAEA00325CE1 /* ExampleLoaderVC.swift in Sources */ = {isa = PBXBuildFile; fileRef = 3B45CE532C22CAEA00325CE1 /* ExampleLoaderVC.swift */; };
		3B469EC32C2166E1009D0CFF /* AppDelegate.swift in Sources */ = {isa = PBXBuildFile; fileRef = 3B469EC22C2166E1009D0CFF /* AppDelegate.swift */; };
		3B469EC52C2166E1009D0CFF /* SceneDelegate.swift in Sources */ = {isa = PBXBuildFile; fileRef = 3B469EC42C2166E1009D0CFF /* SceneDelegate.swift */; };
		3B469EC72C2166E1009D0CFF /* ViewController.swift in Sources */ = {isa = PBXBuildFile; fileRef = 3B469EC62C2166E1009D0CFF /* ViewController.swift */; };
		3B469ECA2C2166E1009D0CFF /* Base in Resources */ = {isa = PBXBuildFile; fileRef = 3B469EC92C2166E1009D0CFF /* Base */; };
		3B469ECC2C2166E2009D0CFF /* Assets.xcassets in Resources */ = {isa = PBXBuildFile; fileRef = 3B469ECB2C2166E2009D0CFF /* Assets.xcassets */; };
		3B469ECF2C2166E2009D0CFF /* Base in Resources */ = {isa = PBXBuildFile; fileRef = 3B469ECE2C2166E2009D0CFF /* Base */; };
		3BEE3E192C21721C0025E8AE /* Task.swift in Sources */ = {isa = PBXBuildFile; fileRef = 3BEE3E182C21721C0025E8AE /* Task.swift */; };
		3BEE3E1F2C217B400025E8AE /* TaskTableView.swift in Sources */ = {isa = PBXBuildFile; fileRef = 3BEE3E1E2C217B400025E8AE /* TaskTableView.swift */; };
		3BEE3E212C2194630025E8AE /* TaskSetupVC.swift in Sources */ = {isa = PBXBuildFile; fileRef = 3BEE3E202C2194630025E8AE /* TaskSetupVC.swift */; };
		3BEE3E232C219C8F0025E8AE /* TaskRunVC.swift in Sources */ = {isa = PBXBuildFile; fileRef = 3BEE3E222C219C8F0025E8AE /* TaskRunVC.swift */; };
		3BEE3E272C21FC220025E8AE /* TaskCell.swift in Sources */ = {isa = PBXBuildFile; fileRef = 3BEE3E262C21FC220025E8AE /* TaskCell.swift */; };
		3BEE3E292C22054E0025E8AE /* SampleTableView.swift in Sources */ = {isa = PBXBuildFile; fileRef = 3BEE3E282C22054E0025E8AE /* SampleTableView.swift */; };
		3BEE3E2D2C2206130025E8AE /* Sample.swift in Sources */ = {isa = PBXBuildFile; fileRef = 3BEE3E2C2C2206130025E8AE /* Sample.swift */; };
		3BEE3E2F2C220AE90025E8AE /* SampleCell.swift in Sources */ = {isa = PBXBuildFile; fileRef = 3BEE3E2E2C220AE90025E8AE /* SampleCell.swift */; };
		3BEE3E312C2212F50025E8AE /* SampleAddVC.swift in Sources */ = {isa = PBXBuildFile; fileRef = 3BEE3E302C2212F50025E8AE /* SampleAddVC.swift */; };
		6F68A2202C2DBA8F00E1E87D /* ReadingScannerVC.swift in Sources */ = {isa = PBXBuildFile; fileRef = 6F68A21F2C2DBA8F00E1E87D /* ReadingScannerVC.swift */; };
		6FC403D62C2B431C00224E99 /* BarcodeScannerVC.swift in Sources */ = {isa = PBXBuildFile; fileRef = 6FC403D52C2B431C00224E99 /* BarcodeScannerVC.swift */; };
		BCFB6098C52082388192D8AE /* Pods_ScienceScan4.framework in Frameworks */ = {isa = PBXBuildFile; fileRef = 6553A6502D92D71214C911DB /* Pods_ScienceScan4.framework */; };
/* End PBXBuildFile section */

/* Begin PBXFileReference section */
		061F083062CB2C1E60EB8BDB /* Pods-ScienceScan4.debug.xcconfig */ = {isa = PBXFileReference; includeInIndex = 1; lastKnownFileType = text.xcconfig; name = "Pods-ScienceScan4.debug.xcconfig"; path = "Target Support Files/Pods-ScienceScan4/Pods-ScienceScan4.debug.xcconfig"; sourceTree = "<group>"; };
		3B063CED2C226649003A84BF /* ReadingComponent.swift */ = {isa = PBXFileReference; lastKnownFileType = sourcecode.swift; path = ReadingComponent.swift; sourceTree = "<group>"; };
		3B063CEF2C229612003A84BF /* ScienceScan4.entitlements */ = {isa = PBXFileReference; lastKnownFileType = text.plist.entitlements; path = ScienceScan4.entitlements; sourceTree = "<group>"; };
		3B45CE532C22CAEA00325CE1 /* ExampleLoaderVC.swift */ = {isa = PBXFileReference; lastKnownFileType = sourcecode.swift; path = ExampleLoaderVC.swift; sourceTree = "<group>"; };
		3B469EBF2C2166E1009D0CFF /* ScienceScan4.app */ = {isa = PBXFileReference; explicitFileType = wrapper.application; includeInIndex = 0; path = ScienceScan4.app; sourceTree = BUILT_PRODUCTS_DIR; };
		3B469EC22C2166E1009D0CFF /* AppDelegate.swift */ = {isa = PBXFileReference; lastKnownFileType = sourcecode.swift; path = AppDelegate.swift; sourceTree = "<group>"; };
		3B469EC42C2166E1009D0CFF /* SceneDelegate.swift */ = {isa = PBXFileReference; lastKnownFileType = sourcecode.swift; path = SceneDelegate.swift; sourceTree = "<group>"; };
		3B469EC62C2166E1009D0CFF /* ViewController.swift */ = {isa = PBXFileReference; lastKnownFileType = sourcecode.swift; path = ViewController.swift; sourceTree = "<group>"; };
		3B469EC92C2166E1009D0CFF /* Base */ = {isa = PBXFileReference; lastKnownFileType = file.storyboard; name = Base; path = Base.lproj/Main.storyboard; sourceTree = "<group>"; };
		3B469ECB2C2166E2009D0CFF /* Assets.xcassets */ = {isa = PBXFileReference; lastKnownFileType = folder.assetcatalog; path = Assets.xcassets; sourceTree = "<group>"; };
		3B469ECE2C2166E2009D0CFF /* Base */ = {isa = PBXFileReference; lastKnownFileType = file.storyboard; name = Base; path = Base.lproj/LaunchScreen.storyboard; sourceTree = "<group>"; };
		3B469ED02C2166E2009D0CFF /* Info.plist */ = {isa = PBXFileReference; lastKnownFileType = text.plist.xml; path = Info.plist; sourceTree = "<group>"; };
		3BEE3E182C21721C0025E8AE /* Task.swift */ = {isa = PBXFileReference; lastKnownFileType = sourcecode.swift; path = Task.swift; sourceTree = "<group>"; };
		3BEE3E1E2C217B400025E8AE /* TaskTableView.swift */ = {isa = PBXFileReference; lastKnownFileType = sourcecode.swift; path = TaskTableView.swift; sourceTree = "<group>"; };
		3BEE3E202C2194630025E8AE /* TaskSetupVC.swift */ = {isa = PBXFileReference; lastKnownFileType = sourcecode.swift; path = TaskSetupVC.swift; sourceTree = "<group>"; };
		3BEE3E222C219C8F0025E8AE /* TaskRunVC.swift */ = {isa = PBXFileReference; lastKnownFileType = sourcecode.swift; path = TaskRunVC.swift; sourceTree = "<group>"; };
		3BEE3E262C21FC220025E8AE /* TaskCell.swift */ = {isa = PBXFileReference; lastKnownFileType = sourcecode.swift; path = TaskCell.swift; sourceTree = "<group>"; };
		3BEE3E282C22054E0025E8AE /* SampleTableView.swift */ = {isa = PBXFileReference; lastKnownFileType = sourcecode.swift; path = SampleTableView.swift; sourceTree = "<group>"; };
		3BEE3E2C2C2206130025E8AE /* Sample.swift */ = {isa = PBXFileReference; lastKnownFileType = sourcecode.swift; path = Sample.swift; sourceTree = "<group>"; };
		3BEE3E2E2C220AE90025E8AE /* SampleCell.swift */ = {isa = PBXFileReference; lastKnownFileType = sourcecode.swift; path = SampleCell.swift; sourceTree = "<group>"; };
		3BEE3E302C2212F50025E8AE /* SampleAddVC.swift */ = {isa = PBXFileReference; lastKnownFileType = sourcecode.swift; path = SampleAddVC.swift; sourceTree = "<group>"; };
		6553A6502D92D71214C911DB /* Pods_ScienceScan4.framework */ = {isa = PBXFileReference; explicitFileType = wrapper.framework; includeInIndex = 0; path = Pods_ScienceScan4.framework; sourceTree = BUILT_PRODUCTS_DIR; };
		6F68A21F2C2DBA8F00E1E87D /* ReadingScannerVC.swift */ = {isa = PBXFileReference; lastKnownFileType = sourcecode.swift; path = ReadingScannerVC.swift; sourceTree = "<group>"; };
		6F811DB72C2C6EC60037C5D1 /* README.md */ = {isa = PBXFileReference; lastKnownFileType = net.daringfireball.markdown; path = README.md; sourceTree = "<group>"; };
		6FC403D52C2B431C00224E99 /* BarcodeScannerVC.swift */ = {isa = PBXFileReference; lastKnownFileType = sourcecode.swift; path = BarcodeScannerVC.swift; sourceTree = "<group>"; };
		F2D590738D515C704F28CA33 /* Pods-ScienceScan4.release.xcconfig */ = {isa = PBXFileReference; includeInIndex = 1; lastKnownFileType = text.xcconfig; name = "Pods-ScienceScan4.release.xcconfig"; path = "Target Support Files/Pods-ScienceScan4/Pods-ScienceScan4.release.xcconfig"; sourceTree = "<group>"; };
/* End PBXFileReference section */

/* Begin PBXFrameworksBuildPhase section */
		3B469EBC2C2166E1009D0CFF /* Frameworks */ = {
			isa = PBXFrameworksBuildPhase;
			buildActionMask = 2147483647;
			files = (
				BCFB6098C52082388192D8AE /* Pods_ScienceScan4.framework in Frameworks */,
			);
			runOnlyForDeploymentPostprocessing = 0;
		};
/* End PBXFrameworksBuildPhase section */

/* Begin PBXGroup section */
		21EC042DCED0AB51FA96153B /* Frameworks */ = {
			isa = PBXGroup;
			children = (
				6553A6502D92D71214C911DB /* Pods_ScienceScan4.framework */,
			);
			name = Frameworks;
			sourceTree = "<group>";
		};
		30170C0EF4F3212B88C59914 /* Pods */ = {
			isa = PBXGroup;
			children = (
				061F083062CB2C1E60EB8BDB /* Pods-ScienceScan4.debug.xcconfig */,
				F2D590738D515C704F28CA33 /* Pods-ScienceScan4.release.xcconfig */,
			);
			path = Pods;
			sourceTree = "<group>";
		};
		3B469EB62C2166E1009D0CFF = {
			isa = PBXGroup;
			children = (
				6F811DB72C2C6EC60037C5D1 /* README.md */,
				3B469EC12C2166E1009D0CFF /* ScienceScan4 */,
				3B469EC02C2166E1009D0CFF /* Products */,
				30170C0EF4F3212B88C59914 /* Pods */,
				21EC042DCED0AB51FA96153B /* Frameworks */,
			);
			sourceTree = "<group>";
		};
		3B469EC02C2166E1009D0CFF /* Products */ = {
			isa = PBXGroup;
			children = (
				3B469EBF2C2166E1009D0CFF /* ScienceScan4.app */,
			);
			name = Products;
			sourceTree = "<group>";
		};
		3B469EC12C2166E1009D0CFF /* ScienceScan4 */ = {
			isa = PBXGroup;
			children = (
				3B063CEF2C229612003A84BF /* ScienceScan4.entitlements */,
				3B469EC22C2166E1009D0CFF /* AppDelegate.swift */,
				3B469EC42C2166E1009D0CFF /* SceneDelegate.swift */,
				3B469EC62C2166E1009D0CFF /* ViewController.swift */,
				3BEE3E202C2194630025E8AE /* TaskSetupVC.swift */,
				6F68A21F2C2DBA8F00E1E87D /* ReadingScannerVC.swift */,
				3B469EC82C2166E1009D0CFF /* Main.storyboard */,
				3B45CE532C22CAEA00325CE1 /* ExampleLoaderVC.swift */,
				3BEE3E302C2212F50025E8AE /* SampleAddVC.swift */,
				6FC403D52C2B431C00224E99 /* BarcodeScannerVC.swift */,
				3B063CED2C226649003A84BF /* ReadingComponent.swift */,
				3BEE3E2E2C220AE90025E8AE /* SampleCell.swift */,
				3BEE3E222C219C8F0025E8AE /* TaskRunVC.swift */,
				3BEE3E262C21FC220025E8AE /* TaskCell.swift */,
				3BEE3E2C2C2206130025E8AE /* Sample.swift */,
				3BEE3E1E2C217B400025E8AE /* TaskTableView.swift */,
				3BEE3E282C22054E0025E8AE /* SampleTableView.swift */,
				3B469ECB2C2166E2009D0CFF /* Assets.xcassets */,
				3B469ECD2C2166E2009D0CFF /* LaunchScreen.storyboard */,
				3B469ED02C2166E2009D0CFF /* Info.plist */,
				3BEE3E182C21721C0025E8AE /* Task.swift */,
			);
			path = ScienceScan4;
			sourceTree = "<group>";
		};
/* End PBXGroup section */

/* Begin PBXNativeTarget section */
		3B469EBE2C2166E1009D0CFF /* ScienceScan4 */ = {
			isa = PBXNativeTarget;
			buildConfigurationList = 3B469ED32C2166E2009D0CFF /* Build configuration list for PBXNativeTarget "ScienceScan4" */;
			buildPhases = (
				316D4185BA025D78CAC1D69F /* [CP] Check Pods Manifest.lock */,
				3B469EBB2C2166E1009D0CFF /* Sources */,
				3B469EBC2C2166E1009D0CFF /* Frameworks */,
				3B469EBD2C2166E1009D0CFF /* Resources */,
				4DCED27449B2D11CDFC8FF72 /* [CP] Embed Pods Frameworks */,
			);
			buildRules = (
			);
			dependencies = (
			);
			name = ScienceScan4;
			productName = ScienceScan4;
			productReference = 3B469EBF2C2166E1009D0CFF /* ScienceScan4.app */;
			productType = "com.apple.product-type.application";
		};
/* End PBXNativeTarget section */

/* Begin PBXProject section */
		3B469EB72C2166E1009D0CFF /* Project object */ = {
			isa = PBXProject;
			attributes = {
				BuildIndependentTargetsInParallel = 1;
				LastSwiftUpdateCheck = 1540;
				LastUpgradeCheck = 1540;
				TargetAttributes = {
					3B469EBE2C2166E1009D0CFF = {
						CreatedOnToolsVersion = 15.4;
					};
				};
			};
			buildConfigurationList = 3B469EBA2C2166E1009D0CFF /* Build configuration list for PBXProject "ScienceScan4" */;
			compatibilityVersion = "Xcode 14.0";
			developmentRegion = en;
			hasScannedForEncodings = 0;
			knownRegions = (
				en,
				Base,
			);
			mainGroup = 3B469EB62C2166E1009D0CFF;
			productRefGroup = 3B469EC02C2166E1009D0CFF /* Products */;
			projectDirPath = "";
			projectRoot = "";
			targets = (
				3B469EBE2C2166E1009D0CFF /* ScienceScan4 */,
			);
		};
/* End PBXProject section */

/* Begin PBXResourcesBuildPhase section */
		3B469EBD2C2166E1009D0CFF /* Resources */ = {
			isa = PBXResourcesBuildPhase;
			buildActionMask = 2147483647;
			files = (
				3B469ECC2C2166E2009D0CFF /* Assets.xcassets in Resources */,
				3B469ECF2C2166E2009D0CFF /* Base in Resources */,
				3B469ECA2C2166E1009D0CFF /* Base in Resources */,
			);
			runOnlyForDeploymentPostprocessing = 0;
		};
/* End PBXResourcesBuildPhase section */

/* Begin PBXShellScriptBuildPhase section */
		316D4185BA025D78CAC1D69F /* [CP] Check Pods Manifest.lock */ = {
			isa = PBXShellScriptBuildPhase;
			buildActionMask = 2147483647;
			files = (
			);
			inputFileListPaths = (
			);
			inputPaths = (
				"${PODS_PODFILE_DIR_PATH}/Podfile.lock",
				"${PODS_ROOT}/Manifest.lock",
			);
			name = "[CP] Check Pods Manifest.lock";
			outputFileListPaths = (
			);
			outputPaths = (
				"$(DERIVED_FILE_DIR)/Pods-ScienceScan4-checkManifestLockResult.txt",
			);
			runOnlyForDeploymentPostprocessing = 0;
			shellPath = /bin/sh;
			shellScript = "diff \"${PODS_PODFILE_DIR_PATH}/Podfile.lock\" \"${PODS_ROOT}/Manifest.lock\" > /dev/null\nif [ $? != 0 ] ; then\n    # print error to STDERR\n    echo \"error: The sandbox is not in sync with the Podfile.lock. Run 'pod install' or update your CocoaPods installation.\" >&2\n    exit 1\nfi\n# This output is used by Xcode 'outputs' to avoid re-running this script phase.\necho \"SUCCESS\" > \"${SCRIPT_OUTPUT_FILE_0}\"\n";
			showEnvVarsInLog = 0;
		};
		4DCED27449B2D11CDFC8FF72 /* [CP] Embed Pods Frameworks */ = {
			isa = PBXShellScriptBuildPhase;
			buildActionMask = 2147483647;
			files = (
			);
			inputFileListPaths = (
				"${PODS_ROOT}/Target Support Files/Pods-ScienceScan4/Pods-ScienceScan4-frameworks-${CONFIGURATION}-input-files.xcfilelist",
			);
			name = "[CP] Embed Pods Frameworks";
			outputFileListPaths = (
				"${PODS_ROOT}/Target Support Files/Pods-ScienceScan4/Pods-ScienceScan4-frameworks-${CONFIGURATION}-output-files.xcfilelist",
			);
			runOnlyForDeploymentPostprocessing = 0;
			shellPath = /bin/sh;
			shellScript = "\"${PODS_ROOT}/Target Support Files/Pods-ScienceScan4/Pods-ScienceScan4-frameworks.sh\"\n";
			showEnvVarsInLog = 0;
		};
/* End PBXShellScriptBuildPhase section */

/* Begin PBXSourcesBuildPhase section */
		3B469EBB2C2166E1009D0CFF /* Sources */ = {
			isa = PBXSourcesBuildPhase;
			buildActionMask = 2147483647;
			files = (
				3BEE3E2F2C220AE90025E8AE /* SampleCell.swift in Sources */,
				3BEE3E1F2C217B400025E8AE /* TaskTableView.swift in Sources */,
				3BEE3E192C21721C0025E8AE /* Task.swift in Sources */,
				3B469EC72C2166E1009D0CFF /* ViewController.swift in Sources */,
				3BEE3E232C219C8F0025E8AE /* TaskRunVC.swift in Sources */,
				3B469EC32C2166E1009D0CFF /* AppDelegate.swift in Sources */,
				3BEE3E212C2194630025E8AE /* TaskSetupVC.swift in Sources */,
				3BEE3E272C21FC220025E8AE /* TaskCell.swift in Sources */,
				3BEE3E312C2212F50025E8AE /* SampleAddVC.swift in Sources */,
				3B063CEE2C226649003A84BF /* ReadingComponent.swift in Sources */,
				3B45CE542C22CAEA00325CE1 /* ExampleLoaderVC.swift in Sources */,
				3B469EC52C2166E1009D0CFF /* SceneDelegate.swift in Sources */,
				6FC403D62C2B431C00224E99 /* BarcodeScannerVC.swift in Sources */,
				3BEE3E2D2C2206130025E8AE /* Sample.swift in Sources */,
				6F68A2202C2DBA8F00E1E87D /* ReadingScannerVC.swift in Sources */,
				3BEE3E292C22054E0025E8AE /* SampleTableView.swift in Sources */,
			);
			runOnlyForDeploymentPostprocessing = 0;
		};
/* End PBXSourcesBuildPhase section */

/* Begin PBXVariantGroup section */
		3B469EC82C2166E1009D0CFF /* Main.storyboard */ = {
			isa = PBXVariantGroup;
			children = (
				3B469EC92C2166E1009D0CFF /* Base */,
			);
			name = Main.storyboard;
			sourceTree = "<group>";
		};
		3B469ECD2C2166E2009D0CFF /* LaunchScreen.storyboard */ = {
			isa = PBXVariantGroup;
			children = (
				3B469ECE2C2166E2009D0CFF /* Base */,
			);
			name = LaunchScreen.storyboard;
			sourceTree = "<group>";
		};
/* End PBXVariantGroup section */

/* Begin XCBuildConfiguration section */
		3B469ED12C2166E2009D0CFF /* Debug */ = {
			isa = XCBuildConfiguration;
			buildSettings = {
				ALWAYS_SEARCH_USER_PATHS = NO;
				ASSETCATALOG_COMPILER_GENERATE_SWIFT_ASSET_SYMBOL_EXTENSIONS = YES;
				CLANG_ANALYZER_NONNULL = YES;
				CLANG_ANALYZER_NUMBER_OBJECT_CONVERSION = YES_AGGRESSIVE;
				CLANG_CXX_LANGUAGE_STANDARD = "gnu++20";
				CLANG_ENABLE_MODULES = YES;
				CLANG_ENABLE_OBJC_ARC = YES;
				CLANG_ENABLE_OBJC_WEAK = YES;
				CLANG_WARN_BLOCK_CAPTURE_AUTORELEASING = YES;
				CLANG_WARN_BOOL_CONVERSION = YES;
				CLANG_WARN_COMMA = YES;
				CLANG_WARN_CONSTANT_CONVERSION = YES;
				CLANG_WARN_DEPRECATED_OBJC_IMPLEMENTATIONS = YES;
				CLANG_WARN_DIRECT_OBJC_ISA_USAGE = YES_ERROR;
				CLANG_WARN_DOCUMENTATION_COMMENTS = YES;
				CLANG_WARN_EMPTY_BODY = YES;
				CLANG_WARN_ENUM_CONVERSION = YES;
				CLANG_WARN_INFINITE_RECURSION = YES;
				CLANG_WARN_INT_CONVERSION = YES;
				CLANG_WARN_NON_LITERAL_NULL_CONVERSION = YES;
				CLANG_WARN_OBJC_IMPLICIT_RETAIN_SELF = YES;
				CLANG_WARN_OBJC_LITERAL_CONVERSION = YES;
				CLANG_WARN_OBJC_ROOT_CLASS = YES_ERROR;
				CLANG_WARN_QUOTED_INCLUDE_IN_FRAMEWORK_HEADER = YES;
				CLANG_WARN_RANGE_LOOP_ANALYSIS = YES;
				CLANG_WARN_STRICT_PROTOTYPES = YES;
				CLANG_WARN_SUSPICIOUS_MOVE = YES;
				CLANG_WARN_UNGUARDED_AVAILABILITY = YES_AGGRESSIVE;
				CLANG_WARN_UNREACHABLE_CODE = YES;
				CLANG_WARN__DUPLICATE_METHOD_MATCH = YES;
				COPY_PHASE_STRIP = NO;
				DEBUG_INFORMATION_FORMAT = dwarf;
				ENABLE_STRICT_OBJC_MSGSEND = YES;
				ENABLE_TESTABILITY = YES;
				ENABLE_USER_SCRIPT_SANDBOXING = NO;
				GCC_C_LANGUAGE_STANDARD = gnu17;
				GCC_DYNAMIC_NO_PIC = NO;
				GCC_NO_COMMON_BLOCKS = YES;
				GCC_OPTIMIZATION_LEVEL = 0;
				GCC_PREPROCESSOR_DEFINITIONS = (
					"DEBUG=1",
					"$(inherited)",
				);
				GCC_WARN_64_TO_32_BIT_CONVERSION = YES;
				GCC_WARN_ABOUT_RETURN_TYPE = YES_ERROR;
				GCC_WARN_UNDECLARED_SELECTOR = YES;
				GCC_WARN_UNINITIALIZED_AUTOS = YES_AGGRESSIVE;
				GCC_WARN_UNUSED_FUNCTION = YES;
				GCC_WARN_UNUSED_VARIABLE = YES;
				IPHONEOS_DEPLOYMENT_TARGET = 17.5;
				LOCALIZATION_PREFERS_STRING_CATALOGS = YES;
				MTL_ENABLE_DEBUG_INFO = INCLUDE_SOURCE;
				MTL_FAST_MATH = YES;
				ONLY_ACTIVE_ARCH = YES;
				SDKROOT = iphoneos;
				SWIFT_ACTIVE_COMPILATION_CONDITIONS = "DEBUG $(inherited)";
				SWIFT_OPTIMIZATION_LEVEL = "-Onone";
			};
			name = Debug;
		};
		3B469ED22C2166E2009D0CFF /* Release */ = {
			isa = XCBuildConfiguration;
			buildSettings = {
				ALWAYS_SEARCH_USER_PATHS = NO;
				ASSETCATALOG_COMPILER_GENERATE_SWIFT_ASSET_SYMBOL_EXTENSIONS = YES;
				CLANG_ANALYZER_NONNULL = YES;
				CLANG_ANALYZER_NUMBER_OBJECT_CONVERSION = YES_AGGRESSIVE;
				CLANG_CXX_LANGUAGE_STANDARD = "gnu++20";
				CLANG_ENABLE_MODULES = YES;
				CLANG_ENABLE_OBJC_ARC = YES;
				CLANG_ENABLE_OBJC_WEAK = YES;
				CLANG_WARN_BLOCK_CAPTURE_AUTORELEASING = YES;
				CLANG_WARN_BOOL_CONVERSION = YES;
				CLANG_WARN_COMMA = YES;
				CLANG_WARN_CONSTANT_CONVERSION = YES;
				CLANG_WARN_DEPRECATED_OBJC_IMPLEMENTATIONS = YES;
				CLANG_WARN_DIRECT_OBJC_ISA_USAGE = YES_ERROR;
				CLANG_WARN_DOCUMENTATION_COMMENTS = YES;
				CLANG_WARN_EMPTY_BODY = YES;
				CLANG_WARN_ENUM_CONVERSION = YES;
				CLANG_WARN_INFINITE_RECURSION = YES;
				CLANG_WARN_INT_CONVERSION = YES;
				CLANG_WARN_NON_LITERAL_NULL_CONVERSION = YES;
				CLANG_WARN_OBJC_IMPLICIT_RETAIN_SELF = YES;
				CLANG_WARN_OBJC_LITERAL_CONVERSION = YES;
				CLANG_WARN_OBJC_ROOT_CLASS = YES_ERROR;
				CLANG_WARN_QUOTED_INCLUDE_IN_FRAMEWORK_HEADER = YES;
				CLANG_WARN_RANGE_LOOP_ANALYSIS = YES;
				CLANG_WARN_STRICT_PROTOTYPES = YES;
				CLANG_WARN_SUSPICIOUS_MOVE = YES;
				CLANG_WARN_UNGUARDED_AVAILABILITY = YES_AGGRESSIVE;
				CLANG_WARN_UNREACHABLE_CODE = YES;
				CLANG_WARN__DUPLICATE_METHOD_MATCH = YES;
				COPY_PHASE_STRIP = NO;
				DEBUG_INFORMATION_FORMAT = "dwarf-with-dsym";
				ENABLE_NS_ASSERTIONS = NO;
				ENABLE_STRICT_OBJC_MSGSEND = YES;
				ENABLE_USER_SCRIPT_SANDBOXING = NO;
				GCC_C_LANGUAGE_STANDARD = gnu17;
				GCC_NO_COMMON_BLOCKS = YES;
				GCC_WARN_64_TO_32_BIT_CONVERSION = YES;
				GCC_WARN_ABOUT_RETURN_TYPE = YES_ERROR;
				GCC_WARN_UNDECLARED_SELECTOR = YES;
				GCC_WARN_UNINITIALIZED_AUTOS = YES_AGGRESSIVE;
				GCC_WARN_UNUSED_FUNCTION = YES;
				GCC_WARN_UNUSED_VARIABLE = YES;
				IPHONEOS_DEPLOYMENT_TARGET = 17.5;
				LOCALIZATION_PREFERS_STRING_CATALOGS = YES;
				MTL_ENABLE_DEBUG_INFO = NO;
				MTL_FAST_MATH = YES;
				SDKROOT = iphoneos;
				SWIFT_COMPILATION_MODE = wholemodule;
				VALIDATE_PRODUCT = YES;
			};
			name = Release;
		};
		3B469ED42C2166E2009D0CFF /* Debug */ = {
			isa = XCBuildConfiguration;
			baseConfigurationReference = 061F083062CB2C1E60EB8BDB /* Pods-ScienceScan4.debug.xcconfig */;
			buildSettings = {
				ASSETCATALOG_COMPILER_APPICON_NAME = AppIcon;
				ASSETCATALOG_COMPILER_GLOBAL_ACCENT_COLOR_NAME = AccentColor;
				CODE_SIGN_ENTITLEMENTS = ScienceScan4/ScienceScan4.entitlements;
				CODE_SIGN_STYLE = Automatic;
				CURRENT_PROJECT_VERSION = 1;
				DEVELOPMENT_TEAM = BMF62ZB494;
				GENERATE_INFOPLIST_FILE = YES;
				INFOPLIST_FILE = ScienceScan4/Info.plist;
				INFOPLIST_KEY_CFBundleDisplayName = ScienceScan;
				INFOPLIST_KEY_LSApplicationCategoryType = "public.app-category.productivity";
				INFOPLIST_KEY_NSCameraUsageDescription = "This app uses your camera to capture sample measurements";
				INFOPLIST_KEY_UIApplicationSupportsIndirectInputEvents = YES;
				INFOPLIST_KEY_UILaunchStoryboardName = LaunchScreen;
				INFOPLIST_KEY_UIMainStoryboardFile = Main;
				INFOPLIST_KEY_UISupportedInterfaceOrientations_iPad = "UIInterfaceOrientationPortrait UIInterfaceOrientationPortraitUpsideDown UIInterfaceOrientationLandscapeLeft UIInterfaceOrientationLandscapeRight";
				INFOPLIST_KEY_UISupportedInterfaceOrientations_iPhone = "UIInterfaceOrientationPortrait UIInterfaceOrientationLandscapeLeft UIInterfaceOrientationLandscapeRight";
				IPHONEOS_DEPLOYMENT_TARGET = 16.4;
				LD_RUNPATH_SEARCH_PATHS = (
					"$(inherited)",
					"@executable_path/Frameworks",
				);
				MARKETING_VERSION = 1.2;
				PRODUCT_BUNDLE_IDENTIFIER = com.neelkondapalli.ScienceScan4;
				PRODUCT_NAME = "$(TARGET_NAME)";
				SUPPORTED_PLATFORMS = "iphoneos iphonesimulator";
				SUPPORTS_MACCATALYST = NO;
				SUPPORTS_MAC_DESIGNED_FOR_IPHONE_IPAD = YES;
				SUPPORTS_XR_DESIGNED_FOR_IPHONE_IPAD = NO;
				SWIFT_EMIT_LOC_STRINGS = YES;
				SWIFT_VERSION = 5.0;
				TARGETED_DEVICE_FAMILY = "1,2";
			};
			name = Debug;
		};
		3B469ED52C2166E2009D0CFF /* Release */ = {
			isa = XCBuildConfiguration;
			baseConfigurationReference = F2D590738D515C704F28CA33 /* Pods-ScienceScan4.release.xcconfig */;
			buildSettings = {
				ASSETCATALOG_COMPILER_APPICON_NAME = AppIcon;
				ASSETCATALOG_COMPILER_GLOBAL_ACCENT_COLOR_NAME = AccentColor;
				CODE_SIGN_ENTITLEMENTS = ScienceScan4/ScienceScan4.entitlements;
				CODE_SIGN_STYLE = Automatic;
				CURRENT_PROJECT_VERSION = 1;
				DEVELOPMENT_TEAM = BMF62ZB494;
				GENERATE_INFOPLIST_FILE = YES;
				INFOPLIST_FILE = ScienceScan4/Info.plist;
				INFOPLIST_KEY_CFBundleDisplayName = ScienceScan;
				INFOPLIST_KEY_LSApplicationCategoryType = "public.app-category.productivity";
				INFOPLIST_KEY_NSCameraUsageDescription = "This app uses your camera to capture sample measurements";
				INFOPLIST_KEY_UIApplicationSupportsIndirectInputEvents = YES;
				INFOPLIST_KEY_UILaunchStoryboardName = LaunchScreen;
				INFOPLIST_KEY_UIMainStoryboardFile = Main;
				INFOPLIST_KEY_UISupportedInterfaceOrientations_iPad = "UIInterfaceOrientationPortrait UIInterfaceOrientationPortraitUpsideDown UIInterfaceOrientationLandscapeLeft UIInterfaceOrientationLandscapeRight";
				INFOPLIST_KEY_UISupportedInterfaceOrientations_iPhone = "UIInterfaceOrientationPortrait UIInterfaceOrientationLandscapeLeft UIInterfaceOrientationLandscapeRight";
				IPHONEOS_DEPLOYMENT_TARGET = 16.4;
				LD_RUNPATH_SEARCH_PATHS = (
					"$(inherited)",
					"@executable_path/Frameworks",
				);
				MARKETING_VERSION = 1.2;
				PRODUCT_BUNDLE_IDENTIFIER = com.neelkondapalli.ScienceScan4;
				PRODUCT_NAME = "$(TARGET_NAME)";
				SUPPORTED_PLATFORMS = "iphoneos iphonesimulator";
				SUPPORTS_MACCATALYST = NO;
				SUPPORTS_MAC_DESIGNED_FOR_IPHONE_IPAD = YES;
				SUPPORTS_XR_DESIGNED_FOR_IPHONE_IPAD = NO;
				SWIFT_EMIT_LOC_STRINGS = YES;
				SWIFT_VERSION = 5.0;
				TARGETED_DEVICE_FAMILY = "1,2";
			};
			name = Release;
		};
/* End XCBuildConfiguration section */

/* Begin XCConfigurationList section */
		3B469EBA2C2166E1009D0CFF /* Build configuration list for PBXProject "ScienceScan4" */ = {
			isa = XCConfigurationList;
			buildConfigurations = (
				3B469ED12C2166E2009D0CFF /* Debug */,
				3B469ED22C2166E2009D0CFF /* Release */,
			);
			defaultConfigurationIsVisible = 0;
			defaultConfigurationName = Release;
		};
		3B469ED32C2166E2009D0CFF /* Build configuration list for PBXNativeTarget "ScienceScan4" */ = {
			isa = XCConfigurationList;
			buildConfigurations = (
				3B469ED42C2166E2009D0CFF /* Debug */,
				3B469ED52C2166E2009D0CFF /* Release */,
			);
			defaultConfigurationIsVisible = 0;
			defaultConfigurationName = Release;
		};
/* End XCConfigurationList section */
	};
	rootObject = 3B469EB72C2166E1009D0CFF /* Project object */;
}
